
Microsoft Visual Studio Solution File, Format Version 12.00
# Visual Studio Version 17
VisualStudioVersion = 17.7.34031.279
MinimumVisualStudioVersion = 10.0.40219.1
Project("{FAE04EC0-301F-11D3-BF4B-00C04F79EFBC}") = "Tarea1UPIP3", "Tarea1UPIP3\Tarea1UPIP3.csproj", "{55FA242A-7EEC-43F2-B929-441EDD45D47A}"
EndProject
Global
	GlobalSection(SolutionConfigurationPlatforms) = preSolution
		Debug|Any CPU = Debug|Any CPU
		Release|Any CPU = Release|Any CPU
	EndGlobalSection
	GlobalSection(ProjectConfigurationPlatforms) = postSolution
		{55FA242A-7EEC-43F2-B929-441EDD45D47A}.Debug|Any CPU.ActiveCfg = Debug|Any CPU
		{55FA242A-7EEC-43F2-B929-441EDD45D47A}.Debug|Any CPU.Build.0 = Debug|Any CPU
		{55FA242A-7EEC-43F2-B929-441EDD45D47A}.Release|Any CPU.ActiveCfg = Release|Any CPU
		{55FA242A-7EEC-43F2-B929-441EDD45D47A}.Release|Any CPU.Build.0 = Release|Any CPU
	EndGlobalSection
	GlobalSection(SolutionProperties) = preSolution
		HideSolutionNode = FALSE
	EndGlobalSection
	GlobalSection(ExtensibilityGlobals) = postSolution
		SolutionGuid = {75EBBF11-9F4C-44E3-9118-F577CA6B3270}
	EndGlobalSection
EndGlobal
